
Microsoft Visual Studio Solution File, Format Version 12.00
Project("{FAE04EC0-301F-11D3-BF4B-00C04F79EFBC}") = "RR.DiceDuel", "RR.DiceDuel\RR.DiceDuel.csproj", "{296E40A4-9B75-43F9-9C8A-E194C61E88FF}"
EndProject
Global
	GlobalSection(SolutionConfigurationPlatforms) = preSolution
		Debug|Any CPU = Debug|Any CPU
		Release|Any CPU = Release|Any CPU
	EndGlobalSection
	GlobalSection(ProjectConfigurationPlatforms) = postSolution
		{296E40A4-9B75-43F9-9C8A-E194C61E88FF}.Debug|Any CPU.ActiveCfg = Debug|Any CPU
		{296E40A4-9B75-43F9-9C8A-E194C61E88FF}.Debug|Any CPU.Build.0 = Debug|Any CPU
		{296E40A4-9B75-43F9-9C8A-E194C61E88FF}.Release|Any CPU.ActiveCfg = Release|Any CPU
		{296E40A4-9B75-43F9-9C8A-E194C61E88FF}.Release|Any CPU.Build.0 = Release|Any CPU
	EndGlobalSection
EndGlobal
